// !$*UTF8*$!
{
	archiveVersion = 1;
	classes = {
	};
	objectVersion = 46;
	objects = {

/* Begin PBXBuildFile section */
		B8E435991D0EFBCC002657A1 /* AppDelegate.swift in Sources */ = {isa = PBXBuildFile; fileRef = B8E435981D0EFBCC002657A1 /* AppDelegate.swift */; };
		B8E4359B1D0EFBCC002657A1 /* ViewController.swift in Sources */ = {isa = PBXBuildFile; fileRef = B8E4359A1D0EFBCC002657A1 /* ViewController.swift */; };
		B8E4359E1D0EFBCC002657A1 /* Main.storyboard in Resources */ = {isa = PBXBuildFile; fileRef = B8E4359C1D0EFBCC002657A1 /* Main.storyboard */; };
		B8E435A01D0EFBCC002657A1 /* Assets.xcassets in Resources */ = {isa = PBXBuildFile; fileRef = B8E4359F1D0EFBCC002657A1 /* Assets.xcassets */; };
		B8E435A31D0EFBCC002657A1 /* LaunchScreen.storyboard in Resources */ = {isa = PBXBuildFile; fileRef = B8E435A11D0EFBCC002657A1 /* LaunchScreen.storyboard */; };
/* End PBXBuildFile section */

/* Begin PBXFileReference section */
		B8E435951D0EFBCC002657A1 /* RealMotion.app */ = {isa = PBXFileReference; explicitFileType = wrapper.application; includeInIndex = 0; path = RealMotion.app; sourceTree = BUILT_PRODUCTS_DIR; };
		B8E435981D0EFBCC002657A1 /* AppDelegate.swift */ = {isa = PBXFileReference; lastKnownFileType = sourcecode.swift; path = AppDelegate.swift; sourceTree = "<group>"; };
		B8E4359A1D0EFBCC002657A1 /* ViewController.swift */ = {isa = PBXFileReference; lastKnownFileType = sourcecode.swift; path = ViewController.swift; sourceTree = "<group>"; };
		B8E4359D1D0EFBCC002657A1 /* Base */ = {isa = PBXFileReference; lastKnownFileType = file.storyboard; name = Base; path = Base.lproj/Main.storyboard; sourceTree = "<group>"; };
		B8E4359F1D0EFBCC002657A1 /* Assets.xcassets */ = {isa = PBXFileReference; lastKnownFileType = folder.assetcatalog; path = Assets.xcassets; sourceTree = "<group>"; };
		B8E435A21D0EFBCC002657A1 /* Base */ = {isa = PBXFileReference; lastKnownFileType = file.storyboard; name = Base; path = Base.lproj/LaunchScreen.storyboard; sourceTree = "<group>"; };
		B8E435A41D0EFBCC002657A1 /* Info.plist */ = {isa = PBXFileReference; lastKnownFileType = text.plist.xml; path = Info.plist; sourceTree = "<group>"; };
/* End PBXFileReference section */

/* Begin PBXFrameworksBuildPhase section */
		B8E435921D0EFBCC002657A1 /* Frameworks */ = {
			isa = PBXFrameworksBuildPhase;
			buildActionMask = 2147483647;
			files = (
			);
			runOnlyForDeploymentPostprocessing = 0;
		};
/* End PBXFrameworksBuildPhase section */

/* Begin PBXGroup section */
		B8E4358C1D0EFBCC002657A1 = {
			isa = PBXGroup;
			children = (
				B8E435971D0EFBCC002657A1 /* RealMotion */,
				B8E435961D0EFBCC002657A1 /* Products */,
			);
			sourceTree = "<group>";
		};
		B8E435961D0EFBCC002657A1 /* Products */ = {
			isa = PBXGroup;
			children = (
				B8E435951D0EFBCC002657A1 /* RealMotion.app */,
			);
			name = Products;
			sourceTree = "<group>";
		};
		B8E435971D0EFBCC002657A1 /* RealMotion */ = {
			isa = PBXGroup;
			children = (
				B8E435981D0EFBCC002657A1 /* AppDelegate.swift */,
				B8E4359A1D0EFBCC002657A1 /* ViewController.swift */,
				B8E4359C1D0EFBCC002657A1 /* Main.storyboard */,
				B8E4359F1D0EFBCC002657A1 /* Assets.xcassets */,
				B8E435A11D0EFBCC002657A1 /* LaunchScreen.storyboard */,
				B8E435A41D0EFBCC002657A1 /* Info.plist */,
			);
			path = RealMotion;
			sourceTree = "<group>";
		};
/* End PBXGroup section */

/* Begin PBXNativeTarget section */
		B8E435941D0EFBCC002657A1 /* RealMotion */ = {
			isa = PBXNativeTarget;
			buildConfigurationList = B8E435A71D0EFBCC002657A1 /* Build configuration list for PBXNativeTarget "RealMotion" */;
			buildPhases = (
				B8E435911D0EFBCC002657A1 /* Sources */,
				B8E435921D0EFBCC002657A1 /* Frameworks */,
				B8E435931D0EFBCC002657A1 /* Resources */,
			);
			buildRules = (
			);
			dependencies = (
			);
			name = RealMotion;
			productName = RealMotion;
			productReference = B8E435951D0EFBCC002657A1 /* RealMotion.app */;
			productType = "com.apple.product-type.application";
		};
/* End PBXNativeTarget section */

/* Begin PBXProject section */
		B8E4358D1D0EFBCC002657A1 /* Project object */ = {
			isa = PBXProject;
			attributes = {
				LastSwiftUpdateCheck = 0730;
				LastUpgradeCheck = 0730;
				ORGANIZATIONNAME = "Arsen Gasparyan";
				TargetAttributes = {
					B8E435941D0EFBCC002657A1 = {
						CreatedOnToolsVersion = 7.3.1;
					};
				};
			};
			buildConfigurationList = B8E435901D0EFBCC002657A1 /* Build configuration list for PBXProject "RealMotion" */;
			compatibilityVersion = "Xcode 3.2";
			developmentRegion = English;
			hasScannedForEncodings = 0;
			knownRegions = (
				en,
				Base,
			);
			mainGroup = B8E4358C1D0EFBCC002657A1;
			productRefGroup = B8E435961D0EFBCC002657A1 /* Products */;
			projectDirPath = "";
			projectRoot = "";
			targets = (
				B8E435941D0EFBCC002657A1 /* RealMotion */,
			);
		};
/* End PBXProject section */

/* Begin PBXResourcesBuildPhase section */
		B8E435931D0EFBCC002657A1 /* Resources */ = {
			isa = PBXResourcesBuildPhase;
			buildActionMask = 2147483647;
			files = (
				B8E435A31D0EFBCC002657A1 /* LaunchScreen.storyboard in Resources */,
				B8E435A01D0EFBCC002657A1 /* Assets.xcassets in Resources */,
				B8E4359E1D0EFBCC002657A1 /* Main.storyboard in Resources */,
			);
			runOnlyForDeploymentPostprocessing = 0;
		};
/* End PBXResourcesBuildPhase section */

/* Begin PBXSourcesBuildPhase section */
		B8E435911D0EFBCC002657A1 /* Sources */ = {
			isa = PBXSourcesBuildPhase;
			buildActionMask = 2147483647;
			files = (
				B8E4359B1D0EFBCC002657A1 /* ViewController.swift in Sources */,
				B8E435991D0EFBCC002657A1 /* AppDelegate.swift in Sources */,
			);
			runOnlyForDeploymentPostprocessing = 0;
		};
/* End PBXSourcesBuildPhase section */

/* Begin PBXVariantGroup section */
		B8E4359C1D0EFBCC002657A1 /* Main.storyboard */ = {
			isa = PBXVariantGroup;
			children = (
				B8E4359D1D0EFBCC002657A1 /* Base */,
			);
			name = Main.storyboard;
			sourceTree = "<group>";
		};
		B8E435A11D0EFBCC002657A1 /* LaunchScreen.storyboard */ = {
			isa = PBXVariantGroup;
			children = (
				B8E435A21D0EFBCC002657A1 /* Base */,
			);
			name = LaunchScreen.storyboard;
			sourceTree = "<group>";
		};
/* End PBXVariantGroup section */

/* Begin XCBuildConfiguration section */
		B8E435A51D0EFBCC002657A1 /* Debug */ = {
			isa = XCBuildConfiguration;
			buildSettings = {
				ALWAYS_SEARCH_USER_PATHS = NO;
				CLANG_ANALYZER_NONNULL = YES;
				CLANG_CXX_LANGUAGE_STANDARD = "gnu++0x";
				CLANG_CXX_LIBRARY = "libc++";
				CLANG_ENABLE_MODULES = YES;
				CLANG_ENABLE_OBJC_ARC = YES;
				CLANG_WARN_BOOL_CONVERSION = YES;
				CLANG_WARN_CONSTANT_CONVERSION = YES;
				CLANG_WARN_DIRECT_OBJC_ISA_USAGE = YES_ERROR;
				CLANG_WARN_EMPTY_BODY = YES;
				CLANG_WARN_ENUM_CONVERSION = YES;
				CLANG_WARN_INT_CONVERSION = YES;
				CLANG_WARN_OBJC_ROOT_CLASS = YES_ERROR;
				CLANG_WARN_UNREACHABLE_CODE = YES;
				CLANG_WARN__DUPLICATE_METHOD_MATCH = YES;
				"CODE_SIGN_IDENTITY[sdk=iphoneos*]" = "iPhone Developer";
				COPY_PHASE_STRIP = NO;
				DEBUG_INFORMATION_FORMAT = dwarf;
				ENABLE_STRICT_OBJC_MSGSEND = YES;
				ENABLE_TESTABILITY = YES;
				GCC_C_LANGUAGE_STANDARD = gnu99;
				GCC_DYNAMIC_NO_PIC = NO;
				GCC_NO_COMMON_BLOCKS = YES;
				GCC_OPTIMIZATION_LEVEL = 0;
				GCC_PREPROCESSOR_DEFINITIONS = (
					"DEBUG=1",
					"$(inherited)",
				);
				GCC_WARN_64_TO_32_BIT_CONVERSION = YES;
				GCC_WARN_ABOUT_RETURN_TYPE = YES_ERROR;
				GCC_WARN_UNDECLARED_SELECTOR = YES;
				GCC_WARN_UNINITIALIZED_AUTOS = YES_AGGRESSIVE;
				GCC_WARN_UNUSED_FUNCTION = YES;
				GCC_WARN_UNUSED_VARIABLE = YES;
				IPHONEOS_DEPLOYMENT_TARGET = 9.3;
				MTL_ENABLE_DEBUG_INFO = YES;
				ONLY_ACTIVE_ARCH = YES;
				SDKROOT = iphoneos;
				SWIFT_OPTIMIZATION_LEVEL = "-Onone";
			};
			name = Debug;
		};
		B8E435A61D0EFBCC002657A1 /* Release */ = {
			isa = XCBuildConfiguration;
			buildSettings = {
				ALWAYS_SEARCH_USER_PATHS = NO;
				CLANG_ANALYZER_NONNULL = YES;
				CLANG_CXX_LANGUAGE_STANDARD = "gnu++0x";
				CLANG_CXX_LIBRARY = "libc++";
				CLANG_ENABLE_MODULES = YES;
				CLANG_ENABLE_OBJC_ARC = YES;
				CLANG_WARN_BOOL_CONVERSION = YES;
				CLANG_WARN_CONSTANT_CONVERSION = YES;
				CLANG_WARN_DIRECT_OBJC_ISA_USAGE = YES_ERROR;
				CLANG_WARN_EMPTY_BODY = YES;
				CLANG_WARN_ENUM_CONVERSION = YES;
				CLANG_WARN_INT_CONVERSION = YES;
				CLANG_WARN_OBJC_ROOT_CLASS = YES_ERROR;
				CLANG_WARN_UNREACHABLE_CODE = YES;
				CLANG_WARN__DUPLICATE_METHOD_MATCH = YES;
				"CODE_SIGN_IDENTITY[sdk=iphoneos*]" = "iPhone Developer";
				COPY_PHASE_STRIP = NO;
				DEBUG_INFORMATION_FORMAT = "dwarf-with-dsym";
				ENABLE_NS_ASSERTIONS = NO;
				ENABLE_STRICT_OBJC_MSGSEND = YES;
				GCC_C_LANGUAGE_STANDARD = gnu99;
				GCC_NO_COMMON_BLOCKS = YES;
				GCC_WARN_64_TO_32_BIT_CONVERSION = YES;
				GCC_WARN_ABOUT_RETURN_TYPE = YES_ERROR;
				GCC_WARN_UNDECLARED_SELECTOR = YES;
				GCC_WARN_UNINITIALIZED_AUTOS = YES_AGGRESSIVE;
				GCC_WARN_UNUSED_FUNCTION = YES;
				GCC_WARN_UNUSED_VARIABLE = YES;
				IPHONEOS_DEPLOYMENT_TARGET = 9.3;
				MTL_ENABLE_DEBUG_INFO = NO;
				SDKROOT = iphoneos;
				VALIDATE_PRODUCT = YES;
			};
			name = Release;
		};
		B8E435A81D0EFBCC002657A1 /* Debug */ = {
			isa = XCBuildConfiguration;
			buildSettings = {
				ASSETCATALOG_COMPILER_APPICON_NAME = AppIcon;
				INFOPLIST_FILE = RealMotion/Info.plist;
				LD_RUNPATH_SEARCH_PATHS = "$(inherited) @executable_path/Frameworks";
				PRODUCT_BUNDLE_IDENTIFIER = com.arsengasparyan.RealMotion;
				PRODUCT_NAME = "$(TARGET_NAME)";
			};
			name = Debug;
		};
		B8E435A91D0EFBCC002657A1 /* Release */ = {
			isa = XCBuildConfiguration;
			buildSettings = {
				ASSETCATALOG_COMPILER_APPICON_NAME = AppIcon;
				INFOPLIST_FILE = RealMotion/Info.plist;
				LD_RUNPATH_SEARCH_PATHS = "$(inherited) @executable_path/Frameworks";
				PRODUCT_BUNDLE_IDENTIFIER = com.arsengasparyan.RealMotion;
				PRODUCT_NAME = "$(TARGET_NAME)";
			};
			name = Release;
		};
/* End XCBuildConfiguration section */

/* Begin XCConfigurationList section */
		B8E435901D0EFBCC002657A1 /* Build configuration list for PBXProject "RealMotion" */ = {
			isa = XCConfigurationList;
			buildConfigurations = (
				B8E435A51D0EFBCC002657A1 /* Debug */,
				B8E435A61D0EFBCC002657A1 /* Release */,
			);
			defaultConfigurationIsVisible = 0;
			defaultConfigurationName = Release;
		};
		B8E435A71D0EFBCC002657A1 /* Build configuration list for PBXNativeTarget "RealMotion" */ = {
			isa = XCConfigurationList;
			buildConfigurations = (
				B8E435A81D0EFBCC002657A1 /* Debug */,
				B8E435A91D0EFBCC002657A1 /* Release */,
			);
			defaultConfigurationIsVisible = 0;
		};
/* End XCConfigurationList section */
	};
	rootObject = B8E4358D1D0EFBCC002657A1 /* Project object */;
}
